
Microsoft Visual Studio Solution File, Format Version 12.00
# Visual Studio 15
VisualStudioVersion = 15.0.27004.2006
MinimumVisualStudioVersion = 10.0.40219.1
Project("{FAE04EC0-301F-11D3-BF4B-00C04F79EFBC}") = "OPIndoor", "OPIndoor\OPIndoor.csproj", "{2ADBFD25-5645-4D44-8907-F24C05834BEF}"
EndProject
Project("{FAE04EC0-301F-11D3-BF4B-00C04F79EFBC}") = "AzureFunctions", "..\Functions\AzureFunctions.csproj", "{C445AEBD-8000-47C8-9FEC-19B6B779B612}"
EndProject
Global
	GlobalSection(SolutionConfigurationPlatforms) = preSolution
		Debug|Any CPU = Debug|Any CPU
		Release|Any CPU = Release|Any CPU
	EndGlobalSection
	GlobalSection(ProjectConfigurationPlatforms) = postSolution
		{2ADBFD25-5645-4D44-8907-F24C05834BEF}.Debug|Any CPU.ActiveCfg = Debug|Any CPU
		{2ADBFD25-5645-4D44-8907-F24C05834BEF}.Debug|Any CPU.Build.0 = Debug|Any CPU
		{2ADBFD25-5645-4D44-8907-F24C05834BEF}.Release|Any CPU.ActiveCfg = Release|Any CPU
		{2ADBFD25-5645-4D44-8907-F24C05834BEF}.Release|Any CPU.Build.0 = Release|Any CPU
		{C445AEBD-8000-47C8-9FEC-19B6B779B612}.Debug|Any CPU.ActiveCfg = Debug|Any CPU
		{C445AEBD-8000-47C8-9FEC-19B6B779B612}.Debug|Any CPU.Build.0 = Debug|Any CPU
		{C445AEBD-8000-47C8-9FEC-19B6B779B612}.Release|Any CPU.ActiveCfg = Release|Any CPU
		{C445AEBD-8000-47C8-9FEC-19B6B779B612}.Release|Any CPU.Build.0 = Release|Any CPU
	EndGlobalSection
	GlobalSection(SolutionProperties) = preSolution
		HideSolutionNode = FALSE
	EndGlobalSection
	GlobalSection(ExtensibilityGlobals) = postSolution
		SolutionGuid = {CA15B37E-DF6C-415B-8775-43D3FD80A200}
	EndGlobalSection
EndGlobal
